// !$*UTF8*$!
{
	archiveVersion = 1;
	classes = {
	};
	objectVersion = 46;
	objects = {

/* Begin PBXBuildFile section */
		B3F7B5A719844A630066E928 /* AppDelegate.swift in Sources */ = {isa = PBXBuildFile; fileRef = B3F7B5A619844A630066E928 /* AppDelegate.swift */; };
		B3F7B5A919844A630066E928 /* ViewController.swift in Sources */ = {isa = PBXBuildFile; fileRef = B3F7B5A819844A630066E928 /* ViewController.swift */; };
		B3F7B5AC19844A630066E928 /* Main.storyboard in Resources */ = {isa = PBXBuildFile; fileRef = B3F7B5AA19844A630066E928 /* Main.storyboard */; };
		B3F7B5AE19844A630066E928 /* Images.xcassets in Resources */ = {isa = PBXBuildFile; fileRef = B3F7B5AD19844A630066E928 /* Images.xcassets */; };
		B3F7B5BA19844A630066E928 /* SaveDataTests.swift in Sources */ = {isa = PBXBuildFile; fileRef = B3F7B5B919844A630066E928 /* SaveDataTests.swift */; };
/* End PBXBuildFile section */

/* Begin PBXContainerItemProxy section */
		B3F7B5B419844A630066E928 /* PBXContainerItemProxy */ = {
			isa = PBXContainerItemProxy;
			containerPortal = B3F7B59919844A630066E928 /* Project object */;
			proxyType = 1;
			remoteGlobalIDString = B3F7B5A019844A630066E928;
			remoteInfo = SaveData;
		};
/* End PBXContainerItemProxy section */

/* Begin PBXFileReference section */
		B3F7B5A119844A630066E928 /* SaveData.app */ = {isa = PBXFileReference; explicitFileType = wrapper.application; includeInIndex = 0; path = SaveData.app; sourceTree = BUILT_PRODUCTS_DIR; };
		B3F7B5A519844A630066E928 /* Info.plist */ = {isa = PBXFileReference; lastKnownFileType = text.plist.xml; path = Info.plist; sourceTree = "<group>"; };
		B3F7B5A619844A630066E928 /* AppDelegate.swift */ = {isa = PBXFileReference; lastKnownFileType = sourcecode.swift; path = AppDelegate.swift; sourceTree = "<group>"; };
		B3F7B5A819844A630066E928 /* ViewController.swift */ = {isa = PBXFileReference; lastKnownFileType = sourcecode.swift; path = ViewController.swift; sourceTree = "<group>"; };
		B3F7B5AB19844A630066E928 /* Base */ = {isa = PBXFileReference; lastKnownFileType = file.storyboard; name = Base; path = Base.lproj/Main.storyboard; sourceTree = "<group>"; };
		B3F7B5AD19844A630066E928 /* Images.xcassets */ = {isa = PBXFileReference; lastKnownFileType = folder.assetcatalog; path = Images.xcassets; sourceTree = "<group>"; };
		B3F7B5B319844A630066E928 /* SaveDataTests.xctest */ = {isa = PBXFileReference; explicitFileType = wrapper.cfbundle; includeInIndex = 0; path = SaveDataTests.xctest; sourceTree = BUILT_PRODUCTS_DIR; };
		B3F7B5B819844A630066E928 /* Info.plist */ = {isa = PBXFileReference; lastKnownFileType = text.plist.xml; path = Info.plist; sourceTree = "<group>"; };
		B3F7B5B919844A630066E928 /* SaveDataTests.swift */ = {isa = PBXFileReference; lastKnownFileType = sourcecode.swift; path = SaveDataTests.swift; sourceTree = "<group>"; };
/* End PBXFileReference section */

/* Begin PBXFrameworksBuildPhase section */
		B3F7B59E19844A630066E928 /* Frameworks */ = {
			isa = PBXFrameworksBuildPhase;
			buildActionMask = 2147483647;
			files = (
			);
			runOnlyForDeploymentPostprocessing = 0;
		};
		B3F7B5B019844A630066E928 /* Frameworks */ = {
			isa = PBXFrameworksBuildPhase;
			buildActionMask = 2147483647;
			files = (
			);
			runOnlyForDeploymentPostprocessing = 0;
		};
/* End PBXFrameworksBuildPhase section */

/* Begin PBXGroup section */
		B3F7B59819844A630066E928 = {
			isa = PBXGroup;
			children = (
				B3F7B5A319844A630066E928 /* SaveData */,
				B3F7B5B619844A630066E928 /* SaveDataTests */,
				B3F7B5A219844A630066E928 /* Products */,
			);
			sourceTree = "<group>";
		};
		B3F7B5A219844A630066E928 /* Products */ = {
			isa = PBXGroup;
			children = (
				B3F7B5A119844A630066E928 /* SaveData.app */,
				B3F7B5B319844A630066E928 /* SaveDataTests.xctest */,
			);
			name = Products;
			sourceTree = "<group>";
		};
		B3F7B5A319844A630066E928 /* SaveData */ = {
			isa = PBXGroup;
			children = (
				B3F7B5A619844A630066E928 /* AppDelegate.swift */,
				B3F7B5A819844A630066E928 /* ViewController.swift */,
				B3F7B5AA19844A630066E928 /* Main.storyboard */,
				B3F7B5AD19844A630066E928 /* Images.xcassets */,
				B3F7B5A419844A630066E928 /* Supporting Files */,
			);
			path = SaveData;
			sourceTree = "<group>";
		};
		B3F7B5A419844A630066E928 /* Supporting Files */ = {
			isa = PBXGroup;
			children = (
				B3F7B5A519844A630066E928 /* Info.plist */,
			);
			name = "Supporting Files";
			sourceTree = "<group>";
		};
		B3F7B5B619844A630066E928 /* SaveDataTests */ = {
			isa = PBXGroup;
			children = (
				B3F7B5B919844A630066E928 /* SaveDataTests.swift */,
				B3F7B5B719844A630066E928 /* Supporting Files */,
			);
			path = SaveDataTests;
			sourceTree = "<group>";
		};
		B3F7B5B719844A630066E928 /* Supporting Files */ = {
			isa = PBXGroup;
			children = (
				B3F7B5B819844A630066E928 /* Info.plist */,
			);
			name = "Supporting Files";
			sourceTree = "<group>";
		};
/* End PBXGroup section */

/* Begin PBXNativeTarget section */
		B3F7B5A019844A630066E928 /* SaveData */ = {
			isa = PBXNativeTarget;
			buildConfigurationList = B3F7B5BD19844A630066E928 /* Build configuration list for PBXNativeTarget "SaveData" */;
			buildPhases = (
				B3F7B59D19844A630066E928 /* Sources */,
				B3F7B59E19844A630066E928 /* Frameworks */,
				B3F7B59F19844A630066E928 /* Resources */,
			);
			buildRules = (
			);
			dependencies = (
			);
			name = SaveData;
			productName = SaveData;
			productReference = B3F7B5A119844A630066E928 /* SaveData.app */;
			productType = "com.apple.product-type.application";
		};
		B3F7B5B219844A630066E928 /* SaveDataTests */ = {
			isa = PBXNativeTarget;
			buildConfigurationList = B3F7B5C019844A630066E928 /* Build configuration list for PBXNativeTarget "SaveDataTests" */;
			buildPhases = (
				B3F7B5AF19844A630066E928 /* Sources */,
				B3F7B5B019844A630066E928 /* Frameworks */,
				B3F7B5B119844A630066E928 /* Resources */,
			);
			buildRules = (
			);
			dependencies = (
				B3F7B5B519844A630066E928 /* PBXTargetDependency */,
			);
			name = SaveDataTests;
			productName = SaveDataTests;
			productReference = B3F7B5B319844A630066E928 /* SaveDataTests.xctest */;
			productType = "com.apple.product-type.bundle.unit-test";
		};
/* End PBXNativeTarget section */

/* Begin PBXProject section */
		B3F7B59919844A630066E928 /* Project object */ = {
			isa = PBXProject;
			attributes = {
				LastUpgradeCheck = 0600;
				ORGANIZATIONNAME = PdaChoice;
				TargetAttributes = {
					B3F7B5A019844A630066E928 = {
						CreatedOnToolsVersion = 6.0;
					};
					B3F7B5B219844A630066E928 = {
						CreatedOnToolsVersion = 6.0;
						TestTargetID = B3F7B5A019844A630066E928;
					};
				};
			};
			buildConfigurationList = B3F7B59C19844A630066E928 /* Build configuration list for PBXProject "SaveData" */;
			compatibilityVersion = "Xcode 3.2";
			developmentRegion = English;
			hasScannedForEncodings = 0;
			knownRegions = (
				en,
				Base,
			);
			mainGroup = B3F7B59819844A630066E928;
			productRefGroup = B3F7B5A219844A630066E928 /* Products */;
			projectDirPath = "";
			projectRoot = "";
			targets = (
				B3F7B5A019844A630066E928 /* SaveData */,
				B3F7B5B219844A630066E928 /* SaveDataTests */,
			);
		};
/* End PBXProject section */

/* Begin PBXResourcesBuildPhase section */
		B3F7B59F19844A630066E928 /* Resources */ = {
			isa = PBXResourcesBuildPhase;
			buildActionMask = 2147483647;
			files = (
				B3F7B5AC19844A630066E928 /* Main.storyboard in Resources */,
				B3F7B5AE19844A630066E928 /* Images.xcassets in Resources */,
			);
			runOnlyForDeploymentPostprocessing = 0;
		};
		B3F7B5B119844A630066E928 /* Resources */ = {
			isa = PBXResourcesBuildPhase;
			buildActionMask = 2147483647;
			files = (
			);
			runOnlyForDeploymentPostprocessing = 0;
		};
/* End PBXResourcesBuildPhase section */

/* Begin PBXSourcesBuildPhase section */
		B3F7B59D19844A630066E928 /* Sources */ = {
			isa = PBXSourcesBuildPhase;
			buildActionMask = 2147483647;
			files = (
				B3F7B5A919844A630066E928 /* ViewController.swift in Sources */,
				B3F7B5A719844A630066E928 /* AppDelegate.swift in Sources */,
			);
			runOnlyForDeploymentPostprocessing = 0;
		};
		B3F7B5AF19844A630066E928 /* Sources */ = {
			isa = PBXSourcesBuildPhase;
			buildActionMask = 2147483647;
			files = (
				B3F7B5BA19844A630066E928 /* SaveDataTests.swift in Sources */,
			);
			runOnlyForDeploymentPostprocessing = 0;
		};
/* End PBXSourcesBuildPhase section */

/* Begin PBXTargetDependency section */
		B3F7B5B519844A630066E928 /* PBXTargetDependency */ = {
			isa = PBXTargetDependency;
			target = B3F7B5A019844A630066E928 /* SaveData */;
			targetProxy = B3F7B5B419844A630066E928 /* PBXContainerItemProxy */;
		};
/* End PBXTargetDependency section */

/* Begin PBXVariantGroup section */
		B3F7B5AA19844A630066E928 /* Main.storyboard */ = {
			isa = PBXVariantGroup;
			children = (
				B3F7B5AB19844A630066E928 /* Base */,
			);
			name = Main.storyboard;
			sourceTree = "<group>";
		};
/* End PBXVariantGroup section */

/* Begin XCBuildConfiguration section */
		B3F7B5BB19844A630066E928 /* Debug */ = {
			isa = XCBuildConfiguration;
			buildSettings = {
				ALWAYS_SEARCH_USER_PATHS = NO;
				CLANG_CXX_LANGUAGE_STANDARD = "gnu++0x";
				CLANG_CXX_LIBRARY = "libc++";
				CLANG_ENABLE_MODULES = YES;
				CLANG_ENABLE_OBJC_ARC = YES;
				CLANG_WARN_BOOL_CONVERSION = YES;
				CLANG_WARN_CONSTANT_CONVERSION = YES;
				CLANG_WARN_DIRECT_OBJC_ISA_USAGE = YES_ERROR;
				CLANG_WARN_EMPTY_BODY = YES;
				CLANG_WARN_ENUM_CONVERSION = YES;
				CLANG_WARN_INT_CONVERSION = YES;
				CLANG_WARN_OBJC_ROOT_CLASS = YES_ERROR;
				CLANG_WARN_UNREACHABLE_CODE = YES;
				CLANG_WARN__DUPLICATE_METHOD_MATCH = YES;
				"CODE_SIGN_IDENTITY[sdk=iphoneos*]" = "iPhone Developer";
				COPY_PHASE_STRIP = NO;
				ENABLE_STRICT_OBJC_MSGSEND = YES;
				GCC_C_LANGUAGE_STANDARD = gnu99;
				GCC_DYNAMIC_NO_PIC = NO;
				GCC_OPTIMIZATION_LEVEL = 0;
				GCC_PREPROCESSOR_DEFINITIONS = (
					"DEBUG=1",
					"$(inherited)",
				);
				GCC_SYMBOLS_PRIVATE_EXTERN = NO;
				GCC_WARN_64_TO_32_BIT_CONVERSION = YES;
				GCC_WARN_ABOUT_RETURN_TYPE = YES_ERROR;
				GCC_WARN_UNDECLARED_SELECTOR = YES;
				GCC_WARN_UNINITIALIZED_AUTOS = YES_AGGRESSIVE;
				GCC_WARN_UNUSED_FUNCTION = YES;
				GCC_WARN_UNUSED_VARIABLE = YES;
				IPHONEOS_DEPLOYMENT_TARGET = 8.0;
				MTL_ENABLE_DEBUG_INFO = YES;
				ONLY_ACTIVE_ARCH = YES;
				SDKROOT = iphoneos;
				SWIFT_OPTIMIZATION_LEVEL = "-Onone";
				TARGETED_DEVICE_FAMILY = "1,2";
			};
			name = Debug;
		};
		B3F7B5BC19844A630066E928 /* Release */ = {
			isa = XCBuildConfiguration;
			buildSettings = {
				ALWAYS_SEARCH_USER_PATHS = NO;
				CLANG_CXX_LANGUAGE_STANDARD = "gnu++0x";
				CLANG_CXX_LIBRARY = "libc++";
				CLANG_ENABLE_MODULES = YES;
				CLANG_ENABLE_OBJC_ARC = YES;
				CLANG_WARN_BOOL_CONVERSION = YES;
				CLANG_WARN_CONSTANT_CONVERSION = YES;
				CLANG_WARN_DIRECT_OBJC_ISA_USAGE = YES_ERROR;
				CLANG_WARN_EMPTY_BODY = YES;
				CLANG_WARN_ENUM_CONVERSION = YES;
				CLANG_WARN_INT_CONVERSION = YES;
				CLANG_WARN_OBJC_ROOT_CLASS = YES_ERROR;
				CLANG_WARN_UNREACHABLE_CODE = YES;
				CLANG_WARN__DUPLICATE_METHOD_MATCH = YES;
				"CODE_SIGN_IDENTITY[sdk=iphoneos*]" = "iPhone Developer";
				COPY_PHASE_STRIP = YES;
				ENABLE_NS_ASSERTIONS = NO;
				ENABLE_STRICT_OBJC_MSGSEND = YES;
				GCC_C_LANGUAGE_STANDARD = gnu99;
				GCC_WARN_64_TO_32_BIT_CONVERSION = YES;
				GCC_WARN_ABOUT_RETURN_TYPE = YES_ERROR;
				GCC_WARN_UNDECLARED_SELECTOR = YES;
				GCC_WARN_UNINITIALIZED_AUTOS = YES_AGGRESSIVE;
				GCC_WARN_UNUSED_FUNCTION = YES;
				GCC_WARN_UNUSED_VARIABLE = YES;
				IPHONEOS_DEPLOYMENT_TARGET = 8.0;
				MTL_ENABLE_DEBUG_INFO = NO;
				SDKROOT = iphoneos;
				TARGETED_DEVICE_FAMILY = "1,2";
				VALIDATE_PRODUCT = YES;
			};
			name = Release;
		};
		B3F7B5BE19844A630066E928 /* Debug */ = {
			isa = XCBuildConfiguration;
			buildSettings = {
				ASSETCATALOG_COMPILER_APPICON_NAME = AppIcon;
				ASSETCATALOG_COMPILER_LAUNCHIMAGE_NAME = LaunchImage;
				INFOPLIST_FILE = SaveData/Info.plist;
				LD_RUNPATH_SEARCH_PATHS = "$(inherited) @executable_path/Frameworks";
				PRODUCT_NAME = "$(TARGET_NAME)";
			};
			name = Debug;
		};
		B3F7B5BF19844A630066E928 /* Release */ = {
			isa = XCBuildConfiguration;
			buildSettings = {
				ASSETCATALOG_COMPILER_APPICON_NAME = AppIcon;
				ASSETCATALOG_COMPILER_LAUNCHIMAGE_NAME = LaunchImage;
				INFOPLIST_FILE = SaveData/Info.plist;
				LD_RUNPATH_SEARCH_PATHS = "$(inherited) @executable_path/Frameworks";
				PRODUCT_NAME = "$(TARGET_NAME)";
			};
			name = Release;
		};
		B3F7B5C119844A630066E928 /* Debug */ = {
			isa = XCBuildConfiguration;
			buildSettings = {
				BUNDLE_LOADER = "$(BUILT_PRODUCTS_DIR)/SaveData.app/SaveData";
				FRAMEWORK_SEARCH_PATHS = (
					"$(SDKROOT)/Developer/Library/Frameworks",
					"$(inherited)",
				);
				GCC_PREPROCESSOR_DEFINITIONS = (
					"DEBUG=1",
					"$(inherited)",
				);
				INFOPLIST_FILE = SaveDataTests/Info.plist;
				LD_RUNPATH_SEARCH_PATHS = "$(inherited) @executable_path/Frameworks @loader_path/Frameworks";
				PRODUCT_NAME = "$(TARGET_NAME)";
				TEST_HOST = "$(BUNDLE_LOADER)";
			};
			name = Debug;
		};
		B3F7B5C219844A630066E928 /* Release */ = {
			isa = XCBuildConfiguration;
			buildSettings = {
				BUNDLE_LOADER = "$(BUILT_PRODUCTS_DIR)/SaveData.app/SaveData";
				FRAMEWORK_SEARCH_PATHS = (
					"$(SDKROOT)/Developer/Library/Frameworks",
					"$(inherited)",
				);
				INFOPLIST_FILE = SaveDataTests/Info.plist;
				LD_RUNPATH_SEARCH_PATHS = "$(inherited) @executable_path/Frameworks @loader_path/Frameworks";
				PRODUCT_NAME = "$(TARGET_NAME)";
				TEST_HOST = "$(BUNDLE_LOADER)";
			};
			name = Release;
		};
/* End XCBuildConfiguration section */

/* Begin XCConfigurationList section */
		B3F7B59C19844A630066E928 /* Build configuration list for PBXProject "SaveData" */ = {
			isa = XCConfigurationList;
			buildConfigurations = (
				B3F7B5BB19844A630066E928 /* Debug */,
				B3F7B5BC19844A630066E928 /* Release */,
			);
			defaultConfigurationIsVisible = 0;
			defaultConfigurationName = Release;
		};
		B3F7B5BD19844A630066E928 /* Build configuration list for PBXNativeTarget "SaveData" */ = {
			isa = XCConfigurationList;
			buildConfigurations = (
				B3F7B5BE19844A630066E928 /* Debug */,
				B3F7B5BF19844A630066E928 /* Release */,
			);
			defaultConfigurationIsVisible = 0;
		};
		B3F7B5C019844A630066E928 /* Build configuration list for PBXNativeTarget "SaveDataTests" */ = {
			isa = XCConfigurationList;
			buildConfigurations = (
				B3F7B5C119844A630066E928 /* Debug */,
				B3F7B5C219844A630066E928 /* Release */,
			);
			defaultConfigurationIsVisible = 0;
		};
/* End XCConfigurationList section */
	};
	rootObject = B3F7B59919844A630066E928 /* Project object */;
}
