// !$*UTF8*$!
{
	archiveVersion = 1;
	classes = {
	};
	objectVersion = 46;
	objects = {

/* Begin PBXBuildFile section */
		B3039A9A19AD1ADB0061D9CB /* UIKit.framework in Frameworks */ = {isa = PBXBuildFile; fileRef = B3039A9919AD1ADB0061D9CB /* UIKit.framework */; };
		B3039A9C19AD1AFB0061D9CB /* Foundation.framework in Frameworks */ = {isa = PBXBuildFile; fileRef = B3039A9B19AD1AFB0061D9CB /* Foundation.framework */; };
		B30514661986F221003634B5 /* AppDelegate.swift in Sources */ = {isa = PBXBuildFile; fileRef = B30514651986F221003634B5 /* AppDelegate.swift */; };
		B30514681986F221003634B5 /* ViewController.swift in Sources */ = {isa = PBXBuildFile; fileRef = B30514671986F221003634B5 /* ViewController.swift */; };
		B305146B1986F221003634B5 /* Main.storyboard in Resources */ = {isa = PBXBuildFile; fileRef = B30514691986F221003634B5 /* Main.storyboard */; };
		B305146D1986F221003634B5 /* Images.xcassets in Resources */ = {isa = PBXBuildFile; fileRef = B305146C1986F221003634B5 /* Images.xcassets */; };
		B30514791986F221003634B5 /* RestClientTests.swift in Sources */ = {isa = PBXBuildFile; fileRef = B30514781986F221003634B5 /* RestClientTests.swift */; };
/* End PBXBuildFile section */

/* Begin PBXContainerItemProxy section */
		B30514731986F221003634B5 /* PBXContainerItemProxy */ = {
			isa = PBXContainerItemProxy;
			containerPortal = B30514581986F220003634B5 /* Project object */;
			proxyType = 1;
			remoteGlobalIDString = B305145F1986F221003634B5;
			remoteInfo = RestClient;
		};
/* End PBXContainerItemProxy section */

/* Begin PBXFileReference section */
		B3039A9919AD1ADB0061D9CB /* UIKit.framework */ = {isa = PBXFileReference; lastKnownFileType = wrapper.framework; name = UIKit.framework; path = System/Library/Frameworks/UIKit.framework; sourceTree = SDKROOT; };
		B3039A9B19AD1AFB0061D9CB /* Foundation.framework */ = {isa = PBXFileReference; lastKnownFileType = wrapper.framework; name = Foundation.framework; path = System/Library/Frameworks/Foundation.framework; sourceTree = SDKROOT; };
		B30514601986F221003634B5 /* RestClient.app */ = {isa = PBXFileReference; explicitFileType = wrapper.application; includeInIndex = 0; path = RestClient.app; sourceTree = BUILT_PRODUCTS_DIR; };
		B30514641986F221003634B5 /* Info.plist */ = {isa = PBXFileReference; lastKnownFileType = text.plist.xml; path = Info.plist; sourceTree = "<group>"; };
		B30514651986F221003634B5 /* AppDelegate.swift */ = {isa = PBXFileReference; lastKnownFileType = sourcecode.swift; path = AppDelegate.swift; sourceTree = "<group>"; };
		B30514671986F221003634B5 /* ViewController.swift */ = {isa = PBXFileReference; lastKnownFileType = sourcecode.swift; path = ViewController.swift; sourceTree = "<group>"; };
		B305146A1986F221003634B5 /* Base */ = {isa = PBXFileReference; lastKnownFileType = file.storyboard; name = Base; path = Base.lproj/Main.storyboard; sourceTree = "<group>"; };
		B305146C1986F221003634B5 /* Images.xcassets */ = {isa = PBXFileReference; lastKnownFileType = folder.assetcatalog; path = Images.xcassets; sourceTree = "<group>"; };
		B30514721986F221003634B5 /* RestClientTests.xctest */ = {isa = PBXFileReference; explicitFileType = wrapper.cfbundle; includeInIndex = 0; path = RestClientTests.xctest; sourceTree = BUILT_PRODUCTS_DIR; };
		B30514771986F221003634B5 /* Info.plist */ = {isa = PBXFileReference; lastKnownFileType = text.plist.xml; path = Info.plist; sourceTree = "<group>"; };
		B30514781986F221003634B5 /* RestClientTests.swift */ = {isa = PBXFileReference; lastKnownFileType = sourcecode.swift; path = RestClientTests.swift; sourceTree = "<group>"; };
/* End PBXFileReference section */

/* Begin PBXFrameworksBuildPhase section */
		B305145D1986F221003634B5 /* Frameworks */ = {
			isa = PBXFrameworksBuildPhase;
			buildActionMask = 2147483647;
			files = (
				B3039A9C19AD1AFB0061D9CB /* Foundation.framework in Frameworks */,
				B3039A9A19AD1ADB0061D9CB /* UIKit.framework in Frameworks */,
			);
			runOnlyForDeploymentPostprocessing = 0;
		};
		B305146F1986F221003634B5 /* Frameworks */ = {
			isa = PBXFrameworksBuildPhase;
			buildActionMask = 2147483647;
			files = (
			);
			runOnlyForDeploymentPostprocessing = 0;
		};
/* End PBXFrameworksBuildPhase section */

/* Begin PBXGroup section */
		B30514571986F220003634B5 = {
			isa = PBXGroup;
			children = (
				B3039A9B19AD1AFB0061D9CB /* Foundation.framework */,
				B3039A9919AD1ADB0061D9CB /* UIKit.framework */,
				B30514621986F221003634B5 /* RestClient */,
				B30514751986F221003634B5 /* RestClientTests */,
				B30514611986F221003634B5 /* Products */,
			);
			sourceTree = "<group>";
		};
		B30514611986F221003634B5 /* Products */ = {
			isa = PBXGroup;
			children = (
				B30514601986F221003634B5 /* RestClient.app */,
				B30514721986F221003634B5 /* RestClientTests.xctest */,
			);
			name = Products;
			sourceTree = "<group>";
		};
		B30514621986F221003634B5 /* RestClient */ = {
			isa = PBXGroup;
			children = (
				B30514651986F221003634B5 /* AppDelegate.swift */,
				B30514671986F221003634B5 /* ViewController.swift */,
				B30514691986F221003634B5 /* Main.storyboard */,
				B305146C1986F221003634B5 /* Images.xcassets */,
				B30514631986F221003634B5 /* Supporting Files */,
			);
			path = RestClient;
			sourceTree = "<group>";
		};
		B30514631986F221003634B5 /* Supporting Files */ = {
			isa = PBXGroup;
			children = (
				B30514641986F221003634B5 /* Info.plist */,
			);
			name = "Supporting Files";
			sourceTree = "<group>";
		};
		B30514751986F221003634B5 /* RestClientTests */ = {
			isa = PBXGroup;
			children = (
				B30514781986F221003634B5 /* RestClientTests.swift */,
				B30514761986F221003634B5 /* Supporting Files */,
			);
			path = RestClientTests;
			sourceTree = "<group>";
		};
		B30514761986F221003634B5 /* Supporting Files */ = {
			isa = PBXGroup;
			children = (
				B30514771986F221003634B5 /* Info.plist */,
			);
			name = "Supporting Files";
			sourceTree = "<group>";
		};
/* End PBXGroup section */

/* Begin PBXNativeTarget section */
		B305145F1986F221003634B5 /* RestClient */ = {
			isa = PBXNativeTarget;
			buildConfigurationList = B305147C1986F221003634B5 /* Build configuration list for PBXNativeTarget "RestClient" */;
			buildPhases = (
				B305145C1986F221003634B5 /* Sources */,
				B305145D1986F221003634B5 /* Frameworks */,
				B305145E1986F221003634B5 /* Resources */,
			);
			buildRules = (
			);
			dependencies = (
			);
			name = RestClient;
			productName = RestClient;
			productReference = B30514601986F221003634B5 /* RestClient.app */;
			productType = "com.apple.product-type.application";
		};
		B30514711986F221003634B5 /* RestClientTests */ = {
			isa = PBXNativeTarget;
			buildConfigurationList = B305147F1986F221003634B5 /* Build configuration list for PBXNativeTarget "RestClientTests" */;
			buildPhases = (
				B305146E1986F221003634B5 /* Sources */,
				B305146F1986F221003634B5 /* Frameworks */,
				B30514701986F221003634B5 /* Resources */,
			);
			buildRules = (
			);
			dependencies = (
				B30514741986F221003634B5 /* PBXTargetDependency */,
			);
			name = RestClientTests;
			productName = RestClientTests;
			productReference = B30514721986F221003634B5 /* RestClientTests.xctest */;
			productType = "com.apple.product-type.bundle.unit-test";
		};
/* End PBXNativeTarget section */

/* Begin PBXProject section */
		B30514581986F220003634B5 /* Project object */ = {
			isa = PBXProject;
			attributes = {
				LastUpgradeCheck = 0600;
				ORGANIZATIONNAME = PdaChoice;
				TargetAttributes = {
					B305145F1986F221003634B5 = {
						CreatedOnToolsVersion = 6.0;
					};
					B30514711986F221003634B5 = {
						CreatedOnToolsVersion = 6.0;
						TestTargetID = B305145F1986F221003634B5;
					};
				};
			};
			buildConfigurationList = B305145B1986F220003634B5 /* Build configuration list for PBXProject "RestClient" */;
			compatibilityVersion = "Xcode 3.2";
			developmentRegion = English;
			hasScannedForEncodings = 0;
			knownRegions = (
				en,
				Base,
			);
			mainGroup = B30514571986F220003634B5;
			productRefGroup = B30514611986F221003634B5 /* Products */;
			projectDirPath = "";
			projectRoot = "";
			targets = (
				B305145F1986F221003634B5 /* RestClient */,
				B30514711986F221003634B5 /* RestClientTests */,
			);
		};
/* End PBXProject section */

/* Begin PBXResourcesBuildPhase section */
		B305145E1986F221003634B5 /* Resources */ = {
			isa = PBXResourcesBuildPhase;
			buildActionMask = 2147483647;
			files = (
				B305146B1986F221003634B5 /* Main.storyboard in Resources */,
				B305146D1986F221003634B5 /* Images.xcassets in Resources */,
			);
			runOnlyForDeploymentPostprocessing = 0;
		};
		B30514701986F221003634B5 /* Resources */ = {
			isa = PBXResourcesBuildPhase;
			buildActionMask = 2147483647;
			files = (
			);
			runOnlyForDeploymentPostprocessing = 0;
		};
/* End PBXResourcesBuildPhase section */

/* Begin PBXSourcesBuildPhase section */
		B305145C1986F221003634B5 /* Sources */ = {
			isa = PBXSourcesBuildPhase;
			buildActionMask = 2147483647;
			files = (
				B30514681986F221003634B5 /* ViewController.swift in Sources */,
				B30514661986F221003634B5 /* AppDelegate.swift in Sources */,
			);
			runOnlyForDeploymentPostprocessing = 0;
		};
		B305146E1986F221003634B5 /* Sources */ = {
			isa = PBXSourcesBuildPhase;
			buildActionMask = 2147483647;
			files = (
				B30514791986F221003634B5 /* RestClientTests.swift in Sources */,
			);
			runOnlyForDeploymentPostprocessing = 0;
		};
/* End PBXSourcesBuildPhase section */

/* Begin PBXTargetDependency section */
		B30514741986F221003634B5 /* PBXTargetDependency */ = {
			isa = PBXTargetDependency;
			target = B305145F1986F221003634B5 /* RestClient */;
			targetProxy = B30514731986F221003634B5 /* PBXContainerItemProxy */;
		};
/* End PBXTargetDependency section */

/* Begin PBXVariantGroup section */
		B30514691986F221003634B5 /* Main.storyboard */ = {
			isa = PBXVariantGroup;
			children = (
				B305146A1986F221003634B5 /* Base */,
			);
			name = Main.storyboard;
			sourceTree = "<group>";
		};
/* End PBXVariantGroup section */

/* Begin XCBuildConfiguration section */
		B305147A1986F221003634B5 /* Debug */ = {
			isa = XCBuildConfiguration;
			buildSettings = {
				ALWAYS_SEARCH_USER_PATHS = NO;
				CLANG_CXX_LANGUAGE_STANDARD = "gnu++0x";
				CLANG_CXX_LIBRARY = "libc++";
				CLANG_ENABLE_MODULES = YES;
				CLANG_ENABLE_OBJC_ARC = YES;
				CLANG_WARN_BOOL_CONVERSION = YES;
				CLANG_WARN_CONSTANT_CONVERSION = YES;
				CLANG_WARN_DIRECT_OBJC_ISA_USAGE = YES_ERROR;
				CLANG_WARN_EMPTY_BODY = YES;
				CLANG_WARN_ENUM_CONVERSION = YES;
				CLANG_WARN_INT_CONVERSION = YES;
				CLANG_WARN_OBJC_ROOT_CLASS = YES_ERROR;
				CLANG_WARN_UNREACHABLE_CODE = YES;
				CLANG_WARN__DUPLICATE_METHOD_MATCH = YES;
				"CODE_SIGN_IDENTITY[sdk=iphoneos*]" = "iPhone Developer";
				COPY_PHASE_STRIP = NO;
				ENABLE_STRICT_OBJC_MSGSEND = YES;
				GCC_C_LANGUAGE_STANDARD = gnu99;
				GCC_DYNAMIC_NO_PIC = NO;
				GCC_OPTIMIZATION_LEVEL = 0;
				GCC_PREPROCESSOR_DEFINITIONS = (
					"DEBUG=1",
					"$(inherited)",
				);
				GCC_SYMBOLS_PRIVATE_EXTERN = NO;
				GCC_WARN_64_TO_32_BIT_CONVERSION = YES;
				GCC_WARN_ABOUT_RETURN_TYPE = YES_ERROR;
				GCC_WARN_UNDECLARED_SELECTOR = YES;
				GCC_WARN_UNINITIALIZED_AUTOS = YES_AGGRESSIVE;
				GCC_WARN_UNUSED_FUNCTION = YES;
				GCC_WARN_UNUSED_VARIABLE = YES;
				IPHONEOS_DEPLOYMENT_TARGET = 8.0;
				MTL_ENABLE_DEBUG_INFO = YES;
				ONLY_ACTIVE_ARCH = YES;
				SDKROOT = iphoneos;
				SWIFT_OPTIMIZATION_LEVEL = "-Onone";
				TARGETED_DEVICE_FAMILY = "1,2";
			};
			name = Debug;
		};
		B305147B1986F221003634B5 /* Release */ = {
			isa = XCBuildConfiguration;
			buildSettings = {
				ALWAYS_SEARCH_USER_PATHS = NO;
				CLANG_CXX_LANGUAGE_STANDARD = "gnu++0x";
				CLANG_CXX_LIBRARY = "libc++";
				CLANG_ENABLE_MODULES = YES;
				CLANG_ENABLE_OBJC_ARC = YES;
				CLANG_WARN_BOOL_CONVERSION = YES;
				CLANG_WARN_CONSTANT_CONVERSION = YES;
				CLANG_WARN_DIRECT_OBJC_ISA_USAGE = YES_ERROR;
				CLANG_WARN_EMPTY_BODY = YES;
				CLANG_WARN_ENUM_CONVERSION = YES;
				CLANG_WARN_INT_CONVERSION = YES;
				CLANG_WARN_OBJC_ROOT_CLASS = YES_ERROR;
				CLANG_WARN_UNREACHABLE_CODE = YES;
				CLANG_WARN__DUPLICATE_METHOD_MATCH = YES;
				"CODE_SIGN_IDENTITY[sdk=iphoneos*]" = "iPhone Developer";
				COPY_PHASE_STRIP = YES;
				ENABLE_NS_ASSERTIONS = NO;
				ENABLE_STRICT_OBJC_MSGSEND = YES;
				GCC_C_LANGUAGE_STANDARD = gnu99;
				GCC_WARN_64_TO_32_BIT_CONVERSION = YES;
				GCC_WARN_ABOUT_RETURN_TYPE = YES_ERROR;
				GCC_WARN_UNDECLARED_SELECTOR = YES;
				GCC_WARN_UNINITIALIZED_AUTOS = YES_AGGRESSIVE;
				GCC_WARN_UNUSED_FUNCTION = YES;
				GCC_WARN_UNUSED_VARIABLE = YES;
				IPHONEOS_DEPLOYMENT_TARGET = 8.0;
				MTL_ENABLE_DEBUG_INFO = NO;
				SDKROOT = iphoneos;
				TARGETED_DEVICE_FAMILY = "1,2";
				VALIDATE_PRODUCT = YES;
			};
			name = Release;
		};
		B305147D1986F221003634B5 /* Debug */ = {
			isa = XCBuildConfiguration;
			buildSettings = {
				ASSETCATALOG_COMPILER_APPICON_NAME = AppIcon;
				ASSETCATALOG_COMPILER_LAUNCHIMAGE_NAME = LaunchImage;
				INFOPLIST_FILE = RestClient/Info.plist;
				LD_RUNPATH_SEARCH_PATHS = "$(inherited) @executable_path/Frameworks";
				PRODUCT_NAME = "$(TARGET_NAME)";
			};
			name = Debug;
		};
		B305147E1986F221003634B5 /* Release */ = {
			isa = XCBuildConfiguration;
			buildSettings = {
				ASSETCATALOG_COMPILER_APPICON_NAME = AppIcon;
				ASSETCATALOG_COMPILER_LAUNCHIMAGE_NAME = LaunchImage;
				INFOPLIST_FILE = RestClient/Info.plist;
				LD_RUNPATH_SEARCH_PATHS = "$(inherited) @executable_path/Frameworks";
				PRODUCT_NAME = "$(TARGET_NAME)";
			};
			name = Release;
		};
		B30514801986F221003634B5 /* Debug */ = {
			isa = XCBuildConfiguration;
			buildSettings = {
				BUNDLE_LOADER = "$(BUILT_PRODUCTS_DIR)/RestClient.app/RestClient";
				FRAMEWORK_SEARCH_PATHS = (
					"$(SDKROOT)/Developer/Library/Frameworks",
					"$(inherited)",
				);
				GCC_PREPROCESSOR_DEFINITIONS = (
					"DEBUG=1",
					"$(inherited)",
				);
				INFOPLIST_FILE = RestClientTests/Info.plist;
				LD_RUNPATH_SEARCH_PATHS = "$(inherited) @executable_path/Frameworks @loader_path/Frameworks";
				PRODUCT_NAME = "$(TARGET_NAME)";
				TEST_HOST = "$(BUNDLE_LOADER)";
			};
			name = Debug;
		};
		B30514811986F221003634B5 /* Release */ = {
			isa = XCBuildConfiguration;
			buildSettings = {
				BUNDLE_LOADER = "$(BUILT_PRODUCTS_DIR)/RestClient.app/RestClient";
				FRAMEWORK_SEARCH_PATHS = (
					"$(SDKROOT)/Developer/Library/Frameworks",
					"$(inherited)",
				);
				INFOPLIST_FILE = RestClientTests/Info.plist;
				LD_RUNPATH_SEARCH_PATHS = "$(inherited) @executable_path/Frameworks @loader_path/Frameworks";
				PRODUCT_NAME = "$(TARGET_NAME)";
				TEST_HOST = "$(BUNDLE_LOADER)";
			};
			name = Release;
		};
/* End XCBuildConfiguration section */

/* Begin XCConfigurationList section */
		B305145B1986F220003634B5 /* Build configuration list for PBXProject "RestClient" */ = {
			isa = XCConfigurationList;
			buildConfigurations = (
				B305147A1986F221003634B5 /* Debug */,
				B305147B1986F221003634B5 /* Release */,
			);
			defaultConfigurationIsVisible = 0;
			defaultConfigurationName = Release;
		};
		B305147C1986F221003634B5 /* Build configuration list for PBXNativeTarget "RestClient" */ = {
			isa = XCConfigurationList;
			buildConfigurations = (
				B305147D1986F221003634B5 /* Debug */,
				B305147E1986F221003634B5 /* Release */,
			);
			defaultConfigurationIsVisible = 0;
			defaultConfigurationName = Release;
		};
		B305147F1986F221003634B5 /* Build configuration list for PBXNativeTarget "RestClientTests" */ = {
			isa = XCConfigurationList;
			buildConfigurations = (
				B30514801986F221003634B5 /* Debug */,
				B30514811986F221003634B5 /* Release */,
			);
			defaultConfigurationIsVisible = 0;
			defaultConfigurationName = Release;
		};
/* End XCConfigurationList section */
	};
	rootObject = B30514581986F220003634B5 /* Project object */;
}
