// !$*UTF8*$!
{
	archiveVersion = 1;
	classes = {
	};
	objectVersion = 46;
	objects = {

/* Begin PBXBuildFile section */
		B301B3D2197319C30009AF5B /* AppDelegate.swift in Sources */ = {isa = PBXBuildFile; fileRef = B301B3D1197319C30009AF5B /* AppDelegate.swift */; };
		B301B3D4197319C30009AF5B /* ViewController.swift in Sources */ = {isa = PBXBuildFile; fileRef = B301B3D3197319C30009AF5B /* ViewController.swift */; };
		B301B3D7197319C30009AF5B /* Main.storyboard in Resources */ = {isa = PBXBuildFile; fileRef = B301B3D5197319C30009AF5B /* Main.storyboard */; };
		B301B3D9197319C30009AF5B /* Images.xcassets in Resources */ = {isa = PBXBuildFile; fileRef = B301B3D8197319C30009AF5B /* Images.xcassets */; };
		B301B3E5197319C30009AF5B /* PageByPageTests.swift in Sources */ = {isa = PBXBuildFile; fileRef = B301B3E4197319C30009AF5B /* PageByPageTests.swift */; };
/* End PBXBuildFile section */

/* Begin PBXContainerItemProxy section */
		B301B3DF197319C30009AF5B /* PBXContainerItemProxy */ = {
			isa = PBXContainerItemProxy;
			containerPortal = B301B3C4197319C30009AF5B /* Project object */;
			proxyType = 1;
			remoteGlobalIDString = B301B3CB197319C30009AF5B;
			remoteInfo = PageByPage;
		};
/* End PBXContainerItemProxy section */

/* Begin PBXFileReference section */
		B301B3CC197319C30009AF5B /* PageByPage.app */ = {isa = PBXFileReference; explicitFileType = wrapper.application; includeInIndex = 0; path = PageByPage.app; sourceTree = BUILT_PRODUCTS_DIR; };
		B301B3D0197319C30009AF5B /* Info.plist */ = {isa = PBXFileReference; lastKnownFileType = text.plist.xml; path = Info.plist; sourceTree = "<group>"; };
		B301B3D1197319C30009AF5B /* AppDelegate.swift */ = {isa = PBXFileReference; lastKnownFileType = sourcecode.swift; path = AppDelegate.swift; sourceTree = "<group>"; };
		B301B3D3197319C30009AF5B /* ViewController.swift */ = {isa = PBXFileReference; lastKnownFileType = sourcecode.swift; path = ViewController.swift; sourceTree = "<group>"; };
		B301B3D6197319C30009AF5B /* Base */ = {isa = PBXFileReference; lastKnownFileType = file.storyboard; name = Base; path = Base.lproj/Main.storyboard; sourceTree = "<group>"; };
		B301B3D8197319C30009AF5B /* Images.xcassets */ = {isa = PBXFileReference; lastKnownFileType = folder.assetcatalog; path = Images.xcassets; sourceTree = "<group>"; };
		B301B3DE197319C30009AF5B /* PageByPageTests.xctest */ = {isa = PBXFileReference; explicitFileType = wrapper.cfbundle; includeInIndex = 0; path = PageByPageTests.xctest; sourceTree = BUILT_PRODUCTS_DIR; };
		B301B3E3197319C30009AF5B /* Info.plist */ = {isa = PBXFileReference; lastKnownFileType = text.plist.xml; path = Info.plist; sourceTree = "<group>"; };
		B301B3E4197319C30009AF5B /* PageByPageTests.swift */ = {isa = PBXFileReference; lastKnownFileType = sourcecode.swift; path = PageByPageTests.swift; sourceTree = "<group>"; };
/* End PBXFileReference section */

/* Begin PBXFrameworksBuildPhase section */
		B301B3C9197319C30009AF5B /* Frameworks */ = {
			isa = PBXFrameworksBuildPhase;
			buildActionMask = 2147483647;
			files = (
			);
			runOnlyForDeploymentPostprocessing = 0;
		};
		B301B3DB197319C30009AF5B /* Frameworks */ = {
			isa = PBXFrameworksBuildPhase;
			buildActionMask = 2147483647;
			files = (
			);
			runOnlyForDeploymentPostprocessing = 0;
		};
/* End PBXFrameworksBuildPhase section */

/* Begin PBXGroup section */
		B301B3C3197319C30009AF5B = {
			isa = PBXGroup;
			children = (
				B301B3CE197319C30009AF5B /* PageByPage */,
				B301B3E1197319C30009AF5B /* PageByPageTests */,
				B301B3CD197319C30009AF5B /* Products */,
			);
			sourceTree = "<group>";
		};
		B301B3CD197319C30009AF5B /* Products */ = {
			isa = PBXGroup;
			children = (
				B301B3CC197319C30009AF5B /* PageByPage.app */,
				B301B3DE197319C30009AF5B /* PageByPageTests.xctest */,
			);
			name = Products;
			sourceTree = "<group>";
		};
		B301B3CE197319C30009AF5B /* PageByPage */ = {
			isa = PBXGroup;
			children = (
				B301B3D1197319C30009AF5B /* AppDelegate.swift */,
				B301B3D3197319C30009AF5B /* ViewController.swift */,
				B301B3D5197319C30009AF5B /* Main.storyboard */,
				B301B3D8197319C30009AF5B /* Images.xcassets */,
				B301B3CF197319C30009AF5B /* Supporting Files */,
			);
			path = PageByPage;
			sourceTree = "<group>";
		};
		B301B3CF197319C30009AF5B /* Supporting Files */ = {
			isa = PBXGroup;
			children = (
				B301B3D0197319C30009AF5B /* Info.plist */,
			);
			name = "Supporting Files";
			sourceTree = "<group>";
		};
		B301B3E1197319C30009AF5B /* PageByPageTests */ = {
			isa = PBXGroup;
			children = (
				B301B3E4197319C30009AF5B /* PageByPageTests.swift */,
				B301B3E2197319C30009AF5B /* Supporting Files */,
			);
			path = PageByPageTests;
			sourceTree = "<group>";
		};
		B301B3E2197319C30009AF5B /* Supporting Files */ = {
			isa = PBXGroup;
			children = (
				B301B3E3197319C30009AF5B /* Info.plist */,
			);
			name = "Supporting Files";
			sourceTree = "<group>";
		};
/* End PBXGroup section */

/* Begin PBXNativeTarget section */
		B301B3CB197319C30009AF5B /* PageByPage */ = {
			isa = PBXNativeTarget;
			buildConfigurationList = B301B3E8197319C30009AF5B /* Build configuration list for PBXNativeTarget "PageByPage" */;
			buildPhases = (
				B301B3C8197319C30009AF5B /* Sources */,
				B301B3C9197319C30009AF5B /* Frameworks */,
				B301B3CA197319C30009AF5B /* Resources */,
			);
			buildRules = (
			);
			dependencies = (
			);
			name = PageByPage;
			productName = PageByPage;
			productReference = B301B3CC197319C30009AF5B /* PageByPage.app */;
			productType = "com.apple.product-type.application";
		};
		B301B3DD197319C30009AF5B /* PageByPageTests */ = {
			isa = PBXNativeTarget;
			buildConfigurationList = B301B3EB197319C30009AF5B /* Build configuration list for PBXNativeTarget "PageByPageTests" */;
			buildPhases = (
				B301B3DA197319C30009AF5B /* Sources */,
				B301B3DB197319C30009AF5B /* Frameworks */,
				B301B3DC197319C30009AF5B /* Resources */,
			);
			buildRules = (
			);
			dependencies = (
				B301B3E0197319C30009AF5B /* PBXTargetDependency */,
			);
			name = PageByPageTests;
			productName = PageByPageTests;
			productReference = B301B3DE197319C30009AF5B /* PageByPageTests.xctest */;
			productType = "com.apple.product-type.bundle.unit-test";
		};
/* End PBXNativeTarget section */

/* Begin PBXProject section */
		B301B3C4197319C30009AF5B /* Project object */ = {
			isa = PBXProject;
			attributes = {
				LastUpgradeCheck = 0600;
				ORGANIZATIONNAME = PdaChoice;
				TargetAttributes = {
					B301B3CB197319C30009AF5B = {
						CreatedOnToolsVersion = 6.0;
					};
					B301B3DD197319C30009AF5B = {
						CreatedOnToolsVersion = 6.0;
						TestTargetID = B301B3CB197319C30009AF5B;
					};
				};
			};
			buildConfigurationList = B301B3C7197319C30009AF5B /* Build configuration list for PBXProject "PageByPage" */;
			compatibilityVersion = "Xcode 3.2";
			developmentRegion = English;
			hasScannedForEncodings = 0;
			knownRegions = (
				en,
				Base,
			);
			mainGroup = B301B3C3197319C30009AF5B;
			productRefGroup = B301B3CD197319C30009AF5B /* Products */;
			projectDirPath = "";
			projectRoot = "";
			targets = (
				B301B3CB197319C30009AF5B /* PageByPage */,
				B301B3DD197319C30009AF5B /* PageByPageTests */,
			);
		};
/* End PBXProject section */

/* Begin PBXResourcesBuildPhase section */
		B301B3CA197319C30009AF5B /* Resources */ = {
			isa = PBXResourcesBuildPhase;
			buildActionMask = 2147483647;
			files = (
				B301B3D7197319C30009AF5B /* Main.storyboard in Resources */,
				B301B3D9197319C30009AF5B /* Images.xcassets in Resources */,
			);
			runOnlyForDeploymentPostprocessing = 0;
		};
		B301B3DC197319C30009AF5B /* Resources */ = {
			isa = PBXResourcesBuildPhase;
			buildActionMask = 2147483647;
			files = (
			);
			runOnlyForDeploymentPostprocessing = 0;
		};
/* End PBXResourcesBuildPhase section */

/* Begin PBXSourcesBuildPhase section */
		B301B3C8197319C30009AF5B /* Sources */ = {
			isa = PBXSourcesBuildPhase;
			buildActionMask = 2147483647;
			files = (
				B301B3D4197319C30009AF5B /* ViewController.swift in Sources */,
				B301B3D2197319C30009AF5B /* AppDelegate.swift in Sources */,
			);
			runOnlyForDeploymentPostprocessing = 0;
		};
		B301B3DA197319C30009AF5B /* Sources */ = {
			isa = PBXSourcesBuildPhase;
			buildActionMask = 2147483647;
			files = (
				B301B3E5197319C30009AF5B /* PageByPageTests.swift in Sources */,
			);
			runOnlyForDeploymentPostprocessing = 0;
		};
/* End PBXSourcesBuildPhase section */

/* Begin PBXTargetDependency section */
		B301B3E0197319C30009AF5B /* PBXTargetDependency */ = {
			isa = PBXTargetDependency;
			target = B301B3CB197319C30009AF5B /* PageByPage */;
			targetProxy = B301B3DF197319C30009AF5B /* PBXContainerItemProxy */;
		};
/* End PBXTargetDependency section */

/* Begin PBXVariantGroup section */
		B301B3D5197319C30009AF5B /* Main.storyboard */ = {
			isa = PBXVariantGroup;
			children = (
				B301B3D6197319C30009AF5B /* Base */,
			);
			name = Main.storyboard;
			sourceTree = "<group>";
		};
/* End PBXVariantGroup section */

/* Begin XCBuildConfiguration section */
		B301B3E6197319C30009AF5B /* Debug */ = {
			isa = XCBuildConfiguration;
			buildSettings = {
				ALWAYS_SEARCH_USER_PATHS = NO;
				CLANG_CXX_LANGUAGE_STANDARD = "gnu++0x";
				CLANG_CXX_LIBRARY = "libc++";
				CLANG_ENABLE_MODULES = YES;
				CLANG_ENABLE_OBJC_ARC = YES;
				CLANG_WARN_BOOL_CONVERSION = YES;
				CLANG_WARN_CONSTANT_CONVERSION = YES;
				CLANG_WARN_DIRECT_OBJC_ISA_USAGE = YES_ERROR;
				CLANG_WARN_EMPTY_BODY = YES;
				CLANG_WARN_ENUM_CONVERSION = YES;
				CLANG_WARN_INT_CONVERSION = YES;
				CLANG_WARN_OBJC_ROOT_CLASS = YES_ERROR;
				CLANG_WARN_UNREACHABLE_CODE = YES;
				CLANG_WARN__DUPLICATE_METHOD_MATCH = YES;
				"CODE_SIGN_IDENTITY[sdk=iphoneos*]" = "iPhone Developer";
				COPY_PHASE_STRIP = NO;
				ENABLE_STRICT_OBJC_MSGSEND = YES;
				GCC_C_LANGUAGE_STANDARD = gnu99;
				GCC_DYNAMIC_NO_PIC = NO;
				GCC_OPTIMIZATION_LEVEL = 0;
				GCC_PREPROCESSOR_DEFINITIONS = (
					"DEBUG=1",
					"$(inherited)",
				);
				GCC_SYMBOLS_PRIVATE_EXTERN = NO;
				GCC_WARN_64_TO_32_BIT_CONVERSION = YES;
				GCC_WARN_ABOUT_RETURN_TYPE = YES_ERROR;
				GCC_WARN_UNDECLARED_SELECTOR = YES;
				GCC_WARN_UNINITIALIZED_AUTOS = YES_AGGRESSIVE;
				GCC_WARN_UNUSED_FUNCTION = YES;
				GCC_WARN_UNUSED_VARIABLE = YES;
				IPHONEOS_DEPLOYMENT_TARGET = 8.0;
				METAL_ENABLE_DEBUG_INFO = YES;
				ONLY_ACTIVE_ARCH = YES;
				SDKROOT = iphoneos;
				SWIFT_OPTIMIZATION_LEVEL = "-Onone";
				TARGETED_DEVICE_FAMILY = "1,2";
			};
			name = Debug;
		};
		B301B3E7197319C30009AF5B /* Release */ = {
			isa = XCBuildConfiguration;
			buildSettings = {
				ALWAYS_SEARCH_USER_PATHS = NO;
				CLANG_CXX_LANGUAGE_STANDARD = "gnu++0x";
				CLANG_CXX_LIBRARY = "libc++";
				CLANG_ENABLE_MODULES = YES;
				CLANG_ENABLE_OBJC_ARC = YES;
				CLANG_WARN_BOOL_CONVERSION = YES;
				CLANG_WARN_CONSTANT_CONVERSION = YES;
				CLANG_WARN_DIRECT_OBJC_ISA_USAGE = YES_ERROR;
				CLANG_WARN_EMPTY_BODY = YES;
				CLANG_WARN_ENUM_CONVERSION = YES;
				CLANG_WARN_INT_CONVERSION = YES;
				CLANG_WARN_OBJC_ROOT_CLASS = YES_ERROR;
				CLANG_WARN_UNREACHABLE_CODE = YES;
				CLANG_WARN__DUPLICATE_METHOD_MATCH = YES;
				"CODE_SIGN_IDENTITY[sdk=iphoneos*]" = "iPhone Developer";
				COPY_PHASE_STRIP = YES;
				ENABLE_NS_ASSERTIONS = NO;
				ENABLE_STRICT_OBJC_MSGSEND = YES;
				GCC_C_LANGUAGE_STANDARD = gnu99;
				GCC_WARN_64_TO_32_BIT_CONVERSION = YES;
				GCC_WARN_ABOUT_RETURN_TYPE = YES_ERROR;
				GCC_WARN_UNDECLARED_SELECTOR = YES;
				GCC_WARN_UNINITIALIZED_AUTOS = YES_AGGRESSIVE;
				GCC_WARN_UNUSED_FUNCTION = YES;
				GCC_WARN_UNUSED_VARIABLE = YES;
				IPHONEOS_DEPLOYMENT_TARGET = 8.0;
				METAL_ENABLE_DEBUG_INFO = NO;
				SDKROOT = iphoneos;
				TARGETED_DEVICE_FAMILY = "1,2";
				VALIDATE_PRODUCT = YES;
			};
			name = Release;
		};
		B301B3E9197319C30009AF5B /* Debug */ = {
			isa = XCBuildConfiguration;
			buildSettings = {
				ASSETCATALOG_COMPILER_APPICON_NAME = AppIcon;
				ASSETCATALOG_COMPILER_LAUNCHIMAGE_NAME = LaunchImage;
				INFOPLIST_FILE = PageByPage/Info.plist;
				LD_RUNPATH_SEARCH_PATHS = "$(inherited) @executable_path/Frameworks";
				PRODUCT_NAME = "$(TARGET_NAME)";
			};
			name = Debug;
		};
		B301B3EA197319C30009AF5B /* Release */ = {
			isa = XCBuildConfiguration;
			buildSettings = {
				ASSETCATALOG_COMPILER_APPICON_NAME = AppIcon;
				ASSETCATALOG_COMPILER_LAUNCHIMAGE_NAME = LaunchImage;
				INFOPLIST_FILE = PageByPage/Info.plist;
				LD_RUNPATH_SEARCH_PATHS = "$(inherited) @executable_path/Frameworks";
				PRODUCT_NAME = "$(TARGET_NAME)";
			};
			name = Release;
		};
		B301B3EC197319C30009AF5B /* Debug */ = {
			isa = XCBuildConfiguration;
			buildSettings = {
				BUNDLE_LOADER = "$(BUILT_PRODUCTS_DIR)/PageByPage.app/PageByPage";
				FRAMEWORK_SEARCH_PATHS = (
					"$(SDKROOT)/Developer/Library/Frameworks",
					"$(inherited)",
				);
				GCC_PREPROCESSOR_DEFINITIONS = (
					"DEBUG=1",
					"$(inherited)",
				);
				INFOPLIST_FILE = PageByPageTests/Info.plist;
				LD_RUNPATH_SEARCH_PATHS = "$(inherited) @executable_path/Frameworks @loader_path/Frameworks";
				METAL_ENABLE_DEBUG_INFO = YES;
				PRODUCT_NAME = "$(TARGET_NAME)";
				TEST_HOST = "$(BUNDLE_LOADER)";
			};
			name = Debug;
		};
		B301B3ED197319C30009AF5B /* Release */ = {
			isa = XCBuildConfiguration;
			buildSettings = {
				BUNDLE_LOADER = "$(BUILT_PRODUCTS_DIR)/PageByPage.app/PageByPage";
				FRAMEWORK_SEARCH_PATHS = (
					"$(SDKROOT)/Developer/Library/Frameworks",
					"$(inherited)",
				);
				INFOPLIST_FILE = PageByPageTests/Info.plist;
				LD_RUNPATH_SEARCH_PATHS = "$(inherited) @executable_path/Frameworks @loader_path/Frameworks";
				METAL_ENABLE_DEBUG_INFO = NO;
				PRODUCT_NAME = "$(TARGET_NAME)";
				TEST_HOST = "$(BUNDLE_LOADER)";
			};
			name = Release;
		};
/* End XCBuildConfiguration section */

/* Begin XCConfigurationList section */
		B301B3C7197319C30009AF5B /* Build configuration list for PBXProject "PageByPage" */ = {
			isa = XCConfigurationList;
			buildConfigurations = (
				B301B3E6197319C30009AF5B /* Debug */,
				B301B3E7197319C30009AF5B /* Release */,
			);
			defaultConfigurationIsVisible = 0;
			defaultConfigurationName = Release;
		};
		B301B3E8197319C30009AF5B /* Build configuration list for PBXNativeTarget "PageByPage" */ = {
			isa = XCConfigurationList;
			buildConfigurations = (
				B301B3E9197319C30009AF5B /* Debug */,
				B301B3EA197319C30009AF5B /* Release */,
			);
			defaultConfigurationIsVisible = 0;
		};
		B301B3EB197319C30009AF5B /* Build configuration list for PBXNativeTarget "PageByPageTests" */ = {
			isa = XCConfigurationList;
			buildConfigurations = (
				B301B3EC197319C30009AF5B /* Debug */,
				B301B3ED197319C30009AF5B /* Release */,
			);
			defaultConfigurationIsVisible = 0;
		};
/* End XCConfigurationList section */
	};
	rootObject = B301B3C4197319C30009AF5B /* Project object */;
}
