// !$*UTF8*$!
{
	archiveVersion = 1;
	classes = {
	};
	objectVersion = 46;
	objects = {

/* Begin PBXBuildFile section */
		B3AC16B7197757C9004F433D /* AppDelegate.swift in Sources */ = {isa = PBXBuildFile; fileRef = B3AC16B6197757C9004F433D /* AppDelegate.swift */; };
		B3AC16B9197757C9004F433D /* ViewController.swift in Sources */ = {isa = PBXBuildFile; fileRef = B3AC16B8197757C9004F433D /* ViewController.swift */; };
		B3AC16BC197757C9004F433D /* Main.storyboard in Resources */ = {isa = PBXBuildFile; fileRef = B3AC16BA197757C9004F433D /* Main.storyboard */; };
		B3AC16BE197757C9004F433D /* Images.xcassets in Resources */ = {isa = PBXBuildFile; fileRef = B3AC16BD197757C9004F433D /* Images.xcassets */; };
		B3AC16CA197757C9004F433D /* CommonWidgetsTests.swift in Sources */ = {isa = PBXBuildFile; fileRef = B3AC16C9197757C9004F433D /* CommonWidgetsTests.swift */; };
		B3B83FE51980DAB100458F71 /* sample.mp4 in Resources */ = {isa = PBXBuildFile; fileRef = B3B83FE41980D11E00458F71 /* sample.mp4 */; };
/* End PBXBuildFile section */

/* Begin PBXContainerItemProxy section */
		B3AC16C4197757C9004F433D /* PBXContainerItemProxy */ = {
			isa = PBXContainerItemProxy;
			containerPortal = B3AC16A9197757C9004F433D /* Project object */;
			proxyType = 1;
			remoteGlobalIDString = B3AC16B0197757C9004F433D;
			remoteInfo = CommonWidgets;
		};
/* End PBXContainerItemProxy section */

/* Begin PBXFileReference section */
		B3AC16B1197757C9004F433D /* CommonWidgets.app */ = {isa = PBXFileReference; explicitFileType = wrapper.application; includeInIndex = 0; path = CommonWidgets.app; sourceTree = BUILT_PRODUCTS_DIR; };
		B3AC16B5197757C9004F433D /* Info.plist */ = {isa = PBXFileReference; lastKnownFileType = text.plist.xml; path = Info.plist; sourceTree = "<group>"; };
		B3AC16B6197757C9004F433D /* AppDelegate.swift */ = {isa = PBXFileReference; lastKnownFileType = sourcecode.swift; path = AppDelegate.swift; sourceTree = "<group>"; };
		B3AC16B8197757C9004F433D /* ViewController.swift */ = {isa = PBXFileReference; lastKnownFileType = sourcecode.swift; path = ViewController.swift; sourceTree = "<group>"; };
		B3AC16BB197757C9004F433D /* Base */ = {isa = PBXFileReference; lastKnownFileType = file.storyboard; name = Base; path = Base.lproj/Main.storyboard; sourceTree = "<group>"; };
		B3AC16BD197757C9004F433D /* Images.xcassets */ = {isa = PBXFileReference; lastKnownFileType = folder.assetcatalog; path = Images.xcassets; sourceTree = "<group>"; };
		B3AC16C3197757C9004F433D /* CommonWidgetsTests.xctest */ = {isa = PBXFileReference; explicitFileType = wrapper.cfbundle; includeInIndex = 0; path = CommonWidgetsTests.xctest; sourceTree = BUILT_PRODUCTS_DIR; };
		B3AC16C8197757C9004F433D /* Info.plist */ = {isa = PBXFileReference; lastKnownFileType = text.plist.xml; path = Info.plist; sourceTree = "<group>"; };
		B3AC16C9197757C9004F433D /* CommonWidgetsTests.swift */ = {isa = PBXFileReference; lastKnownFileType = sourcecode.swift; path = CommonWidgetsTests.swift; sourceTree = "<group>"; };
		B3B83FE41980D11E00458F71 /* sample.mp4 */ = {isa = PBXFileReference; lastKnownFileType = file; path = sample.mp4; sourceTree = "<group>"; };
/* End PBXFileReference section */

/* Begin PBXFrameworksBuildPhase section */
		B3AC16AE197757C9004F433D /* Frameworks */ = {
			isa = PBXFrameworksBuildPhase;
			buildActionMask = 2147483647;
			files = (
			);
			runOnlyForDeploymentPostprocessing = 0;
		};
		B3AC16C0197757C9004F433D /* Frameworks */ = {
			isa = PBXFrameworksBuildPhase;
			buildActionMask = 2147483647;
			files = (
			);
			runOnlyForDeploymentPostprocessing = 0;
		};
/* End PBXFrameworksBuildPhase section */

/* Begin PBXGroup section */
		B3AC16A8197757C9004F433D = {
			isa = PBXGroup;
			children = (
				B3AC16B3197757C9004F433D /* CommonWidgets */,
				B3AC16C6197757C9004F433D /* CommonWidgetsTests */,
				B3AC16B2197757C9004F433D /* Products */,
			);
			sourceTree = "<group>";
		};
		B3AC16B2197757C9004F433D /* Products */ = {
			isa = PBXGroup;
			children = (
				B3AC16B1197757C9004F433D /* CommonWidgets.app */,
				B3AC16C3197757C9004F433D /* CommonWidgetsTests.xctest */,
			);
			name = Products;
			sourceTree = "<group>";
		};
		B3AC16B3197757C9004F433D /* CommonWidgets */ = {
			isa = PBXGroup;
			children = (
				B3B83FE41980D11E00458F71 /* sample.mp4 */,
				B3AC16B6197757C9004F433D /* AppDelegate.swift */,
				B3AC16B8197757C9004F433D /* ViewController.swift */,
				B3AC16BA197757C9004F433D /* Main.storyboard */,
				B3AC16BD197757C9004F433D /* Images.xcassets */,
				B3AC16B4197757C9004F433D /* Supporting Files */,
			);
			path = CommonWidgets;
			sourceTree = "<group>";
		};
		B3AC16B4197757C9004F433D /* Supporting Files */ = {
			isa = PBXGroup;
			children = (
				B3AC16B5197757C9004F433D /* Info.plist */,
			);
			name = "Supporting Files";
			sourceTree = "<group>";
		};
		B3AC16C6197757C9004F433D /* CommonWidgetsTests */ = {
			isa = PBXGroup;
			children = (
				B3AC16C9197757C9004F433D /* CommonWidgetsTests.swift */,
				B3AC16C7197757C9004F433D /* Supporting Files */,
			);
			path = CommonWidgetsTests;
			sourceTree = "<group>";
		};
		B3AC16C7197757C9004F433D /* Supporting Files */ = {
			isa = PBXGroup;
			children = (
				B3AC16C8197757C9004F433D /* Info.plist */,
			);
			name = "Supporting Files";
			sourceTree = "<group>";
		};
/* End PBXGroup section */

/* Begin PBXNativeTarget section */
		B3AC16B0197757C9004F433D /* CommonWidgets */ = {
			isa = PBXNativeTarget;
			buildConfigurationList = B3AC16CD197757C9004F433D /* Build configuration list for PBXNativeTarget "CommonWidgets" */;
			buildPhases = (
				B3AC16AD197757C9004F433D /* Sources */,
				B3AC16AE197757C9004F433D /* Frameworks */,
				B3AC16AF197757C9004F433D /* Resources */,
			);
			buildRules = (
			);
			dependencies = (
			);
			name = CommonWidgets;
			productName = CommonWidgets;
			productReference = B3AC16B1197757C9004F433D /* CommonWidgets.app */;
			productType = "com.apple.product-type.application";
		};
		B3AC16C2197757C9004F433D /* CommonWidgetsTests */ = {
			isa = PBXNativeTarget;
			buildConfigurationList = B3AC16D0197757C9004F433D /* Build configuration list for PBXNativeTarget "CommonWidgetsTests" */;
			buildPhases = (
				B3AC16BF197757C9004F433D /* Sources */,
				B3AC16C0197757C9004F433D /* Frameworks */,
				B3AC16C1197757C9004F433D /* Resources */,
			);
			buildRules = (
			);
			dependencies = (
				B3AC16C5197757C9004F433D /* PBXTargetDependency */,
			);
			name = CommonWidgetsTests;
			productName = CommonWidgetsTests;
			productReference = B3AC16C3197757C9004F433D /* CommonWidgetsTests.xctest */;
			productType = "com.apple.product-type.bundle.unit-test";
		};
/* End PBXNativeTarget section */

/* Begin PBXProject section */
		B3AC16A9197757C9004F433D /* Project object */ = {
			isa = PBXProject;
			attributes = {
				LastUpgradeCheck = 0600;
				ORGANIZATIONNAME = PdaChoice;
				TargetAttributes = {
					B3AC16B0197757C9004F433D = {
						CreatedOnToolsVersion = 6.0;
					};
					B3AC16C2197757C9004F433D = {
						CreatedOnToolsVersion = 6.0;
						TestTargetID = B3AC16B0197757C9004F433D;
					};
				};
			};
			buildConfigurationList = B3AC16AC197757C9004F433D /* Build configuration list for PBXProject "CommonWidgets" */;
			compatibilityVersion = "Xcode 3.2";
			developmentRegion = English;
			hasScannedForEncodings = 0;
			knownRegions = (
				en,
				Base,
			);
			mainGroup = B3AC16A8197757C9004F433D;
			productRefGroup = B3AC16B2197757C9004F433D /* Products */;
			projectDirPath = "";
			projectRoot = "";
			targets = (
				B3AC16B0197757C9004F433D /* CommonWidgets */,
				B3AC16C2197757C9004F433D /* CommonWidgetsTests */,
			);
		};
/* End PBXProject section */

/* Begin PBXResourcesBuildPhase section */
		B3AC16AF197757C9004F433D /* Resources */ = {
			isa = PBXResourcesBuildPhase;
			buildActionMask = 2147483647;
			files = (
				B3B83FE51980DAB100458F71 /* sample.mp4 in Resources */,
				B3AC16BC197757C9004F433D /* Main.storyboard in Resources */,
				B3AC16BE197757C9004F433D /* Images.xcassets in Resources */,
			);
			runOnlyForDeploymentPostprocessing = 0;
		};
		B3AC16C1197757C9004F433D /* Resources */ = {
			isa = PBXResourcesBuildPhase;
			buildActionMask = 2147483647;
			files = (
			);
			runOnlyForDeploymentPostprocessing = 0;
		};
/* End PBXResourcesBuildPhase section */

/* Begin PBXSourcesBuildPhase section */
		B3AC16AD197757C9004F433D /* Sources */ = {
			isa = PBXSourcesBuildPhase;
			buildActionMask = 2147483647;
			files = (
				B3AC16B9197757C9004F433D /* ViewController.swift in Sources */,
				B3AC16B7197757C9004F433D /* AppDelegate.swift in Sources */,
			);
			runOnlyForDeploymentPostprocessing = 0;
		};
		B3AC16BF197757C9004F433D /* Sources */ = {
			isa = PBXSourcesBuildPhase;
			buildActionMask = 2147483647;
			files = (
				B3AC16CA197757C9004F433D /* CommonWidgetsTests.swift in Sources */,
			);
			runOnlyForDeploymentPostprocessing = 0;
		};
/* End PBXSourcesBuildPhase section */

/* Begin PBXTargetDependency section */
		B3AC16C5197757C9004F433D /* PBXTargetDependency */ = {
			isa = PBXTargetDependency;
			target = B3AC16B0197757C9004F433D /* CommonWidgets */;
			targetProxy = B3AC16C4197757C9004F433D /* PBXContainerItemProxy */;
		};
/* End PBXTargetDependency section */

/* Begin PBXVariantGroup section */
		B3AC16BA197757C9004F433D /* Main.storyboard */ = {
			isa = PBXVariantGroup;
			children = (
				B3AC16BB197757C9004F433D /* Base */,
			);
			name = Main.storyboard;
			sourceTree = "<group>";
		};
/* End PBXVariantGroup section */

/* Begin XCBuildConfiguration section */
		B3AC16CB197757C9004F433D /* Debug */ = {
			isa = XCBuildConfiguration;
			buildSettings = {
				ALWAYS_SEARCH_USER_PATHS = NO;
				CLANG_CXX_LANGUAGE_STANDARD = "gnu++0x";
				CLANG_CXX_LIBRARY = "libc++";
				CLANG_ENABLE_MODULES = YES;
				CLANG_ENABLE_OBJC_ARC = YES;
				CLANG_WARN_BOOL_CONVERSION = YES;
				CLANG_WARN_CONSTANT_CONVERSION = YES;
				CLANG_WARN_DIRECT_OBJC_ISA_USAGE = YES_ERROR;
				CLANG_WARN_EMPTY_BODY = YES;
				CLANG_WARN_ENUM_CONVERSION = YES;
				CLANG_WARN_INT_CONVERSION = YES;
				CLANG_WARN_OBJC_ROOT_CLASS = YES_ERROR;
				CLANG_WARN_UNREACHABLE_CODE = YES;
				CLANG_WARN__DUPLICATE_METHOD_MATCH = YES;
				"CODE_SIGN_IDENTITY[sdk=iphoneos*]" = "iPhone Developer";
				COPY_PHASE_STRIP = NO;
				ENABLE_STRICT_OBJC_MSGSEND = YES;
				GCC_C_LANGUAGE_STANDARD = gnu99;
				GCC_DYNAMIC_NO_PIC = NO;
				GCC_OPTIMIZATION_LEVEL = 0;
				GCC_PREPROCESSOR_DEFINITIONS = (
					"DEBUG=1",
					"$(inherited)",
				);
				GCC_SYMBOLS_PRIVATE_EXTERN = NO;
				GCC_WARN_64_TO_32_BIT_CONVERSION = YES;
				GCC_WARN_ABOUT_RETURN_TYPE = YES_ERROR;
				GCC_WARN_UNDECLARED_SELECTOR = YES;
				GCC_WARN_UNINITIALIZED_AUTOS = YES_AGGRESSIVE;
				GCC_WARN_UNUSED_FUNCTION = YES;
				GCC_WARN_UNUSED_VARIABLE = YES;
				IPHONEOS_DEPLOYMENT_TARGET = 8.0;
				METAL_ENABLE_DEBUG_INFO = YES;
				ONLY_ACTIVE_ARCH = YES;
				SDKROOT = iphoneos;
				SWIFT_OPTIMIZATION_LEVEL = "-Onone";
				TARGETED_DEVICE_FAMILY = "1,2";
			};
			name = Debug;
		};
		B3AC16CC197757C9004F433D /* Release */ = {
			isa = XCBuildConfiguration;
			buildSettings = {
				ALWAYS_SEARCH_USER_PATHS = NO;
				CLANG_CXX_LANGUAGE_STANDARD = "gnu++0x";
				CLANG_CXX_LIBRARY = "libc++";
				CLANG_ENABLE_MODULES = YES;
				CLANG_ENABLE_OBJC_ARC = YES;
				CLANG_WARN_BOOL_CONVERSION = YES;
				CLANG_WARN_CONSTANT_CONVERSION = YES;
				CLANG_WARN_DIRECT_OBJC_ISA_USAGE = YES_ERROR;
				CLANG_WARN_EMPTY_BODY = YES;
				CLANG_WARN_ENUM_CONVERSION = YES;
				CLANG_WARN_INT_CONVERSION = YES;
				CLANG_WARN_OBJC_ROOT_CLASS = YES_ERROR;
				CLANG_WARN_UNREACHABLE_CODE = YES;
				CLANG_WARN__DUPLICATE_METHOD_MATCH = YES;
				"CODE_SIGN_IDENTITY[sdk=iphoneos*]" = "iPhone Developer";
				COPY_PHASE_STRIP = YES;
				ENABLE_NS_ASSERTIONS = NO;
				ENABLE_STRICT_OBJC_MSGSEND = YES;
				GCC_C_LANGUAGE_STANDARD = gnu99;
				GCC_WARN_64_TO_32_BIT_CONVERSION = YES;
				GCC_WARN_ABOUT_RETURN_TYPE = YES_ERROR;
				GCC_WARN_UNDECLARED_SELECTOR = YES;
				GCC_WARN_UNINITIALIZED_AUTOS = YES_AGGRESSIVE;
				GCC_WARN_UNUSED_FUNCTION = YES;
				GCC_WARN_UNUSED_VARIABLE = YES;
				IPHONEOS_DEPLOYMENT_TARGET = 8.0;
				METAL_ENABLE_DEBUG_INFO = NO;
				SDKROOT = iphoneos;
				TARGETED_DEVICE_FAMILY = "1,2";
				VALIDATE_PRODUCT = YES;
			};
			name = Release;
		};
		B3AC16CE197757C9004F433D /* Debug */ = {
			isa = XCBuildConfiguration;
			buildSettings = {
				ASSETCATALOG_COMPILER_APPICON_NAME = AppIcon;
				ASSETCATALOG_COMPILER_LAUNCHIMAGE_NAME = LaunchImage;
				INFOPLIST_FILE = CommonWidgets/Info.plist;
				IPHONEOS_DEPLOYMENT_TARGET = 8.0;
				LD_RUNPATH_SEARCH_PATHS = "$(inherited) @executable_path/Frameworks";
				PRODUCT_NAME = "$(TARGET_NAME)";
				TARGETED_DEVICE_FAMILY = "1,2";
			};
			name = Debug;
		};
		B3AC16CF197757C9004F433D /* Release */ = {
			isa = XCBuildConfiguration;
			buildSettings = {
				ASSETCATALOG_COMPILER_APPICON_NAME = AppIcon;
				ASSETCATALOG_COMPILER_LAUNCHIMAGE_NAME = LaunchImage;
				INFOPLIST_FILE = CommonWidgets/Info.plist;
				IPHONEOS_DEPLOYMENT_TARGET = 8.0;
				LD_RUNPATH_SEARCH_PATHS = "$(inherited) @executable_path/Frameworks";
				PRODUCT_NAME = "$(TARGET_NAME)";
				TARGETED_DEVICE_FAMILY = "1,2";
			};
			name = Release;
		};
		B3AC16D1197757C9004F433D /* Debug */ = {
			isa = XCBuildConfiguration;
			buildSettings = {
				BUNDLE_LOADER = "$(BUILT_PRODUCTS_DIR)/CommonWidgets.app/CommonWidgets";
				FRAMEWORK_SEARCH_PATHS = (
					"$(SDKROOT)/Developer/Library/Frameworks",
					"$(inherited)",
				);
				GCC_PREPROCESSOR_DEFINITIONS = (
					"DEBUG=1",
					"$(inherited)",
				);
				INFOPLIST_FILE = CommonWidgetsTests/Info.plist;
				LD_RUNPATH_SEARCH_PATHS = "$(inherited) @executable_path/Frameworks @loader_path/Frameworks";
				METAL_ENABLE_DEBUG_INFO = YES;
				PRODUCT_NAME = "$(TARGET_NAME)";
				TEST_HOST = "$(BUNDLE_LOADER)";
			};
			name = Debug;
		};
		B3AC16D2197757C9004F433D /* Release */ = {
			isa = XCBuildConfiguration;
			buildSettings = {
				BUNDLE_LOADER = "$(BUILT_PRODUCTS_DIR)/CommonWidgets.app/CommonWidgets";
				FRAMEWORK_SEARCH_PATHS = (
					"$(SDKROOT)/Developer/Library/Frameworks",
					"$(inherited)",
				);
				INFOPLIST_FILE = CommonWidgetsTests/Info.plist;
				LD_RUNPATH_SEARCH_PATHS = "$(inherited) @executable_path/Frameworks @loader_path/Frameworks";
				METAL_ENABLE_DEBUG_INFO = NO;
				PRODUCT_NAME = "$(TARGET_NAME)";
				TEST_HOST = "$(BUNDLE_LOADER)";
			};
			name = Release;
		};
/* End XCBuildConfiguration section */

/* Begin XCConfigurationList section */
		B3AC16AC197757C9004F433D /* Build configuration list for PBXProject "CommonWidgets" */ = {
			isa = XCConfigurationList;
			buildConfigurations = (
				B3AC16CB197757C9004F433D /* Debug */,
				B3AC16CC197757C9004F433D /* Release */,
			);
			defaultConfigurationIsVisible = 0;
			defaultConfigurationName = Release;
		};
		B3AC16CD197757C9004F433D /* Build configuration list for PBXNativeTarget "CommonWidgets" */ = {
			isa = XCConfigurationList;
			buildConfigurations = (
				B3AC16CE197757C9004F433D /* Debug */,
				B3AC16CF197757C9004F433D /* Release */,
			);
			defaultConfigurationIsVisible = 0;
			defaultConfigurationName = Release;
		};
		B3AC16D0197757C9004F433D /* Build configuration list for PBXNativeTarget "CommonWidgetsTests" */ = {
			isa = XCConfigurationList;
			buildConfigurations = (
				B3AC16D1197757C9004F433D /* Debug */,
				B3AC16D2197757C9004F433D /* Release */,
			);
			defaultConfigurationIsVisible = 0;
			defaultConfigurationName = Release;
		};
/* End XCConfigurationList section */
	};
	rootObject = B3AC16A9197757C9004F433D /* Project object */;
}
