// !$*UTF8*$!
{
	archiveVersion = 1;
	classes = {
	};
	objectVersion = 46;
	objects = {

/* Begin PBXBuildFile section */
		B374330719C13D5D00DCB5E9 /* AppDelegate.swift in Sources */ = {isa = PBXBuildFile; fileRef = B374330619C13D5D00DCB5E9 /* AppDelegate.swift */; };
		B374330919C13D5D00DCB5E9 /* art.scnassets in Resources */ = {isa = PBXBuildFile; fileRef = B374330819C13D5D00DCB5E9 /* art.scnassets */; };
		B374330B19C13D5D00DCB5E9 /* GameViewController.swift in Sources */ = {isa = PBXBuildFile; fileRef = B374330A19C13D5D00DCB5E9 /* GameViewController.swift */; };
		B374330E19C13D5D00DCB5E9 /* Main.storyboard in Resources */ = {isa = PBXBuildFile; fileRef = B374330C19C13D5D00DCB5E9 /* Main.storyboard */; };
		B374331019C13D5D00DCB5E9 /* Images.xcassets in Resources */ = {isa = PBXBuildFile; fileRef = B374330F19C13D5D00DCB5E9 /* Images.xcassets */; };
		B374331C19C13D5D00DCB5E9 /* LessonOneTests.swift in Sources */ = {isa = PBXBuildFile; fileRef = B374331B19C13D5D00DCB5E9 /* LessonOneTests.swift */; };
/* End PBXBuildFile section */

/* Begin PBXContainerItemProxy section */
		B374331619C13D5D00DCB5E9 /* PBXContainerItemProxy */ = {
			isa = PBXContainerItemProxy;
			containerPortal = B37432F919C13D5D00DCB5E9 /* Project object */;
			proxyType = 1;
			remoteGlobalIDString = B374330019C13D5D00DCB5E9;
			remoteInfo = LessonOne;
		};
/* End PBXContainerItemProxy section */

/* Begin PBXFileReference section */
		B374330119C13D5D00DCB5E9 /* LessonOne.app */ = {isa = PBXFileReference; explicitFileType = wrapper.application; includeInIndex = 0; path = LessonOne.app; sourceTree = BUILT_PRODUCTS_DIR; };
		B374330519C13D5D00DCB5E9 /* Info.plist */ = {isa = PBXFileReference; lastKnownFileType = text.plist.xml; path = Info.plist; sourceTree = "<group>"; };
		B374330619C13D5D00DCB5E9 /* AppDelegate.swift */ = {isa = PBXFileReference; lastKnownFileType = sourcecode.swift; path = AppDelegate.swift; sourceTree = "<group>"; };
		B374330819C13D5D00DCB5E9 /* art.scnassets */ = {isa = PBXFileReference; lastKnownFileType = wrapper.scnassets; path = art.scnassets; sourceTree = "<group>"; };
		B374330A19C13D5D00DCB5E9 /* GameViewController.swift */ = {isa = PBXFileReference; lastKnownFileType = sourcecode.swift; path = GameViewController.swift; sourceTree = "<group>"; };
		B374330D19C13D5D00DCB5E9 /* Base */ = {isa = PBXFileReference; lastKnownFileType = file.storyboard; name = Base; path = Base.lproj/Main.storyboard; sourceTree = "<group>"; };
		B374330F19C13D5D00DCB5E9 /* Images.xcassets */ = {isa = PBXFileReference; lastKnownFileType = folder.assetcatalog; path = Images.xcassets; sourceTree = "<group>"; };
		B374331519C13D5D00DCB5E9 /* LessonOneTests.xctest */ = {isa = PBXFileReference; explicitFileType = wrapper.cfbundle; includeInIndex = 0; path = LessonOneTests.xctest; sourceTree = BUILT_PRODUCTS_DIR; };
		B374331A19C13D5D00DCB5E9 /* Info.plist */ = {isa = PBXFileReference; lastKnownFileType = text.plist.xml; path = Info.plist; sourceTree = "<group>"; };
		B374331B19C13D5D00DCB5E9 /* LessonOneTests.swift */ = {isa = PBXFileReference; lastKnownFileType = sourcecode.swift; path = LessonOneTests.swift; sourceTree = "<group>"; };
/* End PBXFileReference section */

/* Begin PBXFrameworksBuildPhase section */
		B37432FE19C13D5D00DCB5E9 /* Frameworks */ = {
			isa = PBXFrameworksBuildPhase;
			buildActionMask = 2147483647;
			files = (
			);
			runOnlyForDeploymentPostprocessing = 0;
		};
		B374331219C13D5D00DCB5E9 /* Frameworks */ = {
			isa = PBXFrameworksBuildPhase;
			buildActionMask = 2147483647;
			files = (
			);
			runOnlyForDeploymentPostprocessing = 0;
		};
/* End PBXFrameworksBuildPhase section */

/* Begin PBXGroup section */
		B37432F819C13D5D00DCB5E9 = {
			isa = PBXGroup;
			children = (
				B374330319C13D5D00DCB5E9 /* LessonOne */,
				B374331819C13D5D00DCB5E9 /* LessonOneTests */,
				B374330219C13D5D00DCB5E9 /* Products */,
			);
			sourceTree = "<group>";
		};
		B374330219C13D5D00DCB5E9 /* Products */ = {
			isa = PBXGroup;
			children = (
				B374330119C13D5D00DCB5E9 /* LessonOne.app */,
				B374331519C13D5D00DCB5E9 /* LessonOneTests.xctest */,
			);
			name = Products;
			sourceTree = "<group>";
		};
		B374330319C13D5D00DCB5E9 /* LessonOne */ = {
			isa = PBXGroup;
			children = (
				B374330619C13D5D00DCB5E9 /* AppDelegate.swift */,
				B374330819C13D5D00DCB5E9 /* art.scnassets */,
				B374330A19C13D5D00DCB5E9 /* GameViewController.swift */,
				B374330C19C13D5D00DCB5E9 /* Main.storyboard */,
				B374330F19C13D5D00DCB5E9 /* Images.xcassets */,
				B374330419C13D5D00DCB5E9 /* Supporting Files */,
			);
			path = LessonOne;
			sourceTree = "<group>";
		};
		B374330419C13D5D00DCB5E9 /* Supporting Files */ = {
			isa = PBXGroup;
			children = (
				B374330519C13D5D00DCB5E9 /* Info.plist */,
			);
			name = "Supporting Files";
			sourceTree = "<group>";
		};
		B374331819C13D5D00DCB5E9 /* LessonOneTests */ = {
			isa = PBXGroup;
			children = (
				B374331B19C13D5D00DCB5E9 /* LessonOneTests.swift */,
				B374331919C13D5D00DCB5E9 /* Supporting Files */,
			);
			path = LessonOneTests;
			sourceTree = "<group>";
		};
		B374331919C13D5D00DCB5E9 /* Supporting Files */ = {
			isa = PBXGroup;
			children = (
				B374331A19C13D5D00DCB5E9 /* Info.plist */,
			);
			name = "Supporting Files";
			sourceTree = "<group>";
		};
/* End PBXGroup section */

/* Begin PBXNativeTarget section */
		B374330019C13D5D00DCB5E9 /* LessonOne */ = {
			isa = PBXNativeTarget;
			buildConfigurationList = B374331F19C13D5D00DCB5E9 /* Build configuration list for PBXNativeTarget "LessonOne" */;
			buildPhases = (
				B37432FD19C13D5D00DCB5E9 /* Sources */,
				B37432FE19C13D5D00DCB5E9 /* Frameworks */,
				B37432FF19C13D5D00DCB5E9 /* Resources */,
			);
			buildRules = (
			);
			dependencies = (
			);
			name = LessonOne;
			productName = LessonOne;
			productReference = B374330119C13D5D00DCB5E9 /* LessonOne.app */;
			productType = "com.apple.product-type.application";
		};
		B374331419C13D5D00DCB5E9 /* LessonOneTests */ = {
			isa = PBXNativeTarget;
			buildConfigurationList = B374332219C13D5D00DCB5E9 /* Build configuration list for PBXNativeTarget "LessonOneTests" */;
			buildPhases = (
				B374331119C13D5D00DCB5E9 /* Sources */,
				B374331219C13D5D00DCB5E9 /* Frameworks */,
				B374331319C13D5D00DCB5E9 /* Resources */,
			);
			buildRules = (
			);
			dependencies = (
				B374331719C13D5D00DCB5E9 /* PBXTargetDependency */,
			);
			name = LessonOneTests;
			productName = LessonOneTests;
			productReference = B374331519C13D5D00DCB5E9 /* LessonOneTests.xctest */;
			productType = "com.apple.product-type.bundle.unit-test";
		};
/* End PBXNativeTarget section */

/* Begin PBXProject section */
		B37432F919C13D5D00DCB5E9 /* Project object */ = {
			isa = PBXProject;
			attributes = {
				LastUpgradeCheck = 0600;
				ORGANIZATIONNAME = PdaChoice;
				TargetAttributes = {
					B374330019C13D5D00DCB5E9 = {
						CreatedOnToolsVersion = 6.0;
					};
					B374331419C13D5D00DCB5E9 = {
						CreatedOnToolsVersion = 6.0;
						TestTargetID = B374330019C13D5D00DCB5E9;
					};
				};
			};
			buildConfigurationList = B37432FC19C13D5D00DCB5E9 /* Build configuration list for PBXProject "LessonOne" */;
			compatibilityVersion = "Xcode 3.2";
			developmentRegion = English;
			hasScannedForEncodings = 0;
			knownRegions = (
				en,
				Base,
			);
			mainGroup = B37432F819C13D5D00DCB5E9;
			productRefGroup = B374330219C13D5D00DCB5E9 /* Products */;
			projectDirPath = "";
			projectRoot = "";
			targets = (
				B374330019C13D5D00DCB5E9 /* LessonOne */,
				B374331419C13D5D00DCB5E9 /* LessonOneTests */,
			);
		};
/* End PBXProject section */

/* Begin PBXResourcesBuildPhase section */
		B37432FF19C13D5D00DCB5E9 /* Resources */ = {
			isa = PBXResourcesBuildPhase;
			buildActionMask = 2147483647;
			files = (
				B374331019C13D5D00DCB5E9 /* Images.xcassets in Resources */,
				B374330919C13D5D00DCB5E9 /* art.scnassets in Resources */,
				B374330E19C13D5D00DCB5E9 /* Main.storyboard in Resources */,
			);
			runOnlyForDeploymentPostprocessing = 0;
		};
		B374331319C13D5D00DCB5E9 /* Resources */ = {
			isa = PBXResourcesBuildPhase;
			buildActionMask = 2147483647;
			files = (
			);
			runOnlyForDeploymentPostprocessing = 0;
		};
/* End PBXResourcesBuildPhase section */

/* Begin PBXSourcesBuildPhase section */
		B37432FD19C13D5D00DCB5E9 /* Sources */ = {
			isa = PBXSourcesBuildPhase;
			buildActionMask = 2147483647;
			files = (
				B374330B19C13D5D00DCB5E9 /* GameViewController.swift in Sources */,
				B374330719C13D5D00DCB5E9 /* AppDelegate.swift in Sources */,
			);
			runOnlyForDeploymentPostprocessing = 0;
		};
		B374331119C13D5D00DCB5E9 /* Sources */ = {
			isa = PBXSourcesBuildPhase;
			buildActionMask = 2147483647;
			files = (
				B374331C19C13D5D00DCB5E9 /* LessonOneTests.swift in Sources */,
			);
			runOnlyForDeploymentPostprocessing = 0;
		};
/* End PBXSourcesBuildPhase section */

/* Begin PBXTargetDependency section */
		B374331719C13D5D00DCB5E9 /* PBXTargetDependency */ = {
			isa = PBXTargetDependency;
			target = B374330019C13D5D00DCB5E9 /* LessonOne */;
			targetProxy = B374331619C13D5D00DCB5E9 /* PBXContainerItemProxy */;
		};
/* End PBXTargetDependency section */

/* Begin PBXVariantGroup section */
		B374330C19C13D5D00DCB5E9 /* Main.storyboard */ = {
			isa = PBXVariantGroup;
			children = (
				B374330D19C13D5D00DCB5E9 /* Base */,
			);
			name = Main.storyboard;
			sourceTree = "<group>";
		};
/* End PBXVariantGroup section */

/* Begin XCBuildConfiguration section */
		B374331D19C13D5D00DCB5E9 /* Debug */ = {
			isa = XCBuildConfiguration;
			buildSettings = {
				ALWAYS_SEARCH_USER_PATHS = NO;
				CLANG_CXX_LANGUAGE_STANDARD = "gnu++0x";
				CLANG_CXX_LIBRARY = "libc++";
				CLANG_ENABLE_MODULES = YES;
				CLANG_ENABLE_OBJC_ARC = YES;
				CLANG_WARN_BOOL_CONVERSION = YES;
				CLANG_WARN_CONSTANT_CONVERSION = YES;
				CLANG_WARN_DIRECT_OBJC_ISA_USAGE = YES_ERROR;
				CLANG_WARN_EMPTY_BODY = YES;
				CLANG_WARN_ENUM_CONVERSION = YES;
				CLANG_WARN_INT_CONVERSION = YES;
				CLANG_WARN_OBJC_ROOT_CLASS = YES_ERROR;
				CLANG_WARN_UNREACHABLE_CODE = YES;
				CLANG_WARN__DUPLICATE_METHOD_MATCH = YES;
				"CODE_SIGN_IDENTITY[sdk=iphoneos*]" = "iPhone Developer";
				COPY_PHASE_STRIP = NO;
				ENABLE_STRICT_OBJC_MSGSEND = YES;
				GCC_C_LANGUAGE_STANDARD = gnu99;
				GCC_DYNAMIC_NO_PIC = NO;
				GCC_OPTIMIZATION_LEVEL = 0;
				GCC_PREPROCESSOR_DEFINITIONS = (
					"DEBUG=1",
					"$(inherited)",
				);
				GCC_SYMBOLS_PRIVATE_EXTERN = NO;
				GCC_WARN_64_TO_32_BIT_CONVERSION = YES;
				GCC_WARN_ABOUT_RETURN_TYPE = YES_ERROR;
				GCC_WARN_UNDECLARED_SELECTOR = YES;
				GCC_WARN_UNINITIALIZED_AUTOS = YES_AGGRESSIVE;
				GCC_WARN_UNUSED_FUNCTION = YES;
				GCC_WARN_UNUSED_VARIABLE = YES;
				IPHONEOS_DEPLOYMENT_TARGET = 8.0;
				MTL_ENABLE_DEBUG_INFO = YES;
				ONLY_ACTIVE_ARCH = YES;
				SDKROOT = iphoneos;
				SWIFT_OPTIMIZATION_LEVEL = "-Onone";
				TARGETED_DEVICE_FAMILY = "1,2";
			};
			name = Debug;
		};
		B374331E19C13D5D00DCB5E9 /* Release */ = {
			isa = XCBuildConfiguration;
			buildSettings = {
				ALWAYS_SEARCH_USER_PATHS = NO;
				CLANG_CXX_LANGUAGE_STANDARD = "gnu++0x";
				CLANG_CXX_LIBRARY = "libc++";
				CLANG_ENABLE_MODULES = YES;
				CLANG_ENABLE_OBJC_ARC = YES;
				CLANG_WARN_BOOL_CONVERSION = YES;
				CLANG_WARN_CONSTANT_CONVERSION = YES;
				CLANG_WARN_DIRECT_OBJC_ISA_USAGE = YES_ERROR;
				CLANG_WARN_EMPTY_BODY = YES;
				CLANG_WARN_ENUM_CONVERSION = YES;
				CLANG_WARN_INT_CONVERSION = YES;
				CLANG_WARN_OBJC_ROOT_CLASS = YES_ERROR;
				CLANG_WARN_UNREACHABLE_CODE = YES;
				CLANG_WARN__DUPLICATE_METHOD_MATCH = YES;
				"CODE_SIGN_IDENTITY[sdk=iphoneos*]" = "iPhone Developer";
				COPY_PHASE_STRIP = YES;
				ENABLE_NS_ASSERTIONS = NO;
				ENABLE_STRICT_OBJC_MSGSEND = YES;
				GCC_C_LANGUAGE_STANDARD = gnu99;
				GCC_WARN_64_TO_32_BIT_CONVERSION = YES;
				GCC_WARN_ABOUT_RETURN_TYPE = YES_ERROR;
				GCC_WARN_UNDECLARED_SELECTOR = YES;
				GCC_WARN_UNINITIALIZED_AUTOS = YES_AGGRESSIVE;
				GCC_WARN_UNUSED_FUNCTION = YES;
				GCC_WARN_UNUSED_VARIABLE = YES;
				IPHONEOS_DEPLOYMENT_TARGET = 8.0;
				MTL_ENABLE_DEBUG_INFO = NO;
				SDKROOT = iphoneos;
				TARGETED_DEVICE_FAMILY = "1,2";
				VALIDATE_PRODUCT = YES;
			};
			name = Release;
		};
		B374332019C13D5D00DCB5E9 /* Debug */ = {
			isa = XCBuildConfiguration;
			buildSettings = {
				ASSETCATALOG_COMPILER_APPICON_NAME = AppIcon;
				ASSETCATALOG_COMPILER_LAUNCHIMAGE_NAME = LaunchImage;
				INFOPLIST_FILE = LessonOne/Info.plist;
				LD_RUNPATH_SEARCH_PATHS = "$(inherited) @executable_path/Frameworks";
				PRODUCT_NAME = "$(TARGET_NAME)";
			};
			name = Debug;
		};
		B374332119C13D5D00DCB5E9 /* Release */ = {
			isa = XCBuildConfiguration;
			buildSettings = {
				ASSETCATALOG_COMPILER_APPICON_NAME = AppIcon;
				ASSETCATALOG_COMPILER_LAUNCHIMAGE_NAME = LaunchImage;
				INFOPLIST_FILE = LessonOne/Info.plist;
				LD_RUNPATH_SEARCH_PATHS = "$(inherited) @executable_path/Frameworks";
				PRODUCT_NAME = "$(TARGET_NAME)";
			};
			name = Release;
		};
		B374332319C13D5D00DCB5E9 /* Debug */ = {
			isa = XCBuildConfiguration;
			buildSettings = {
				BUNDLE_LOADER = "$(TEST_HOST)";
				FRAMEWORK_SEARCH_PATHS = (
					"$(SDKROOT)/Developer/Library/Frameworks",
					"$(inherited)",
				);
				GCC_PREPROCESSOR_DEFINITIONS = (
					"DEBUG=1",
					"$(inherited)",
				);
				INFOPLIST_FILE = LessonOneTests/Info.plist;
				LD_RUNPATH_SEARCH_PATHS = "$(inherited) @executable_path/Frameworks @loader_path/Frameworks";
				PRODUCT_NAME = "$(TARGET_NAME)";
				TEST_HOST = "$(BUILT_PRODUCTS_DIR)/LessonOne.app/LessonOne";
			};
			name = Debug;
		};
		B374332419C13D5D00DCB5E9 /* Release */ = {
			isa = XCBuildConfiguration;
			buildSettings = {
				BUNDLE_LOADER = "$(TEST_HOST)";
				FRAMEWORK_SEARCH_PATHS = (
					"$(SDKROOT)/Developer/Library/Frameworks",
					"$(inherited)",
				);
				INFOPLIST_FILE = LessonOneTests/Info.plist;
				LD_RUNPATH_SEARCH_PATHS = "$(inherited) @executable_path/Frameworks @loader_path/Frameworks";
				PRODUCT_NAME = "$(TARGET_NAME)";
				TEST_HOST = "$(BUILT_PRODUCTS_DIR)/LessonOne.app/LessonOne";
			};
			name = Release;
		};
/* End XCBuildConfiguration section */

/* Begin XCConfigurationList section */
		B37432FC19C13D5D00DCB5E9 /* Build configuration list for PBXProject "LessonOne" */ = {
			isa = XCConfigurationList;
			buildConfigurations = (
				B374331D19C13D5D00DCB5E9 /* Debug */,
				B374331E19C13D5D00DCB5E9 /* Release */,
			);
			defaultConfigurationIsVisible = 0;
			defaultConfigurationName = Release;
		};
		B374331F19C13D5D00DCB5E9 /* Build configuration list for PBXNativeTarget "LessonOne" */ = {
			isa = XCConfigurationList;
			buildConfigurations = (
				B374332019C13D5D00DCB5E9 /* Debug */,
				B374332119C13D5D00DCB5E9 /* Release */,
			);
			defaultConfigurationIsVisible = 0;
		};
		B374332219C13D5D00DCB5E9 /* Build configuration list for PBXNativeTarget "LessonOneTests" */ = {
			isa = XCConfigurationList;
			buildConfigurations = (
				B374332319C13D5D00DCB5E9 /* Debug */,
				B374332419C13D5D00DCB5E9 /* Release */,
			);
			defaultConfigurationIsVisible = 0;
		};
/* End XCConfigurationList section */
	};
	rootObject = B37432F919C13D5D00DCB5E9 /* Project object */;
}
